// !$*UTF8*$!
{
	archiveVersion = 1;
	classes = {
	};
	objectVersion = 50;
	objects = {

/* Begin PBXBuildFile section */
		1708334924A8C05300E16A38 /* tessosx.h in Headers */ = {isa = PBXBuildFile; fileRef = 1708334724A8C05300E16A38 /* tessosx.h */; settings = {ATTRIBUTES = (Public, ); }; };
		1708335624A8C06600E16A38 /* tessios.h in Headers */ = {isa = PBXBuildFile; fileRef = 1708335424A8C06600E16A38 /* tessios.h */; settings = {ATTRIBUTES = (Public, ); }; };
		1708336424A8C19C00E16A38 /* tess.mm in Sources */ = {isa = PBXBuildFile; fileRef = 1708336224A8C19B00E16A38 /* tess.mm */; };
		1708336524A8C19C00E16A38 /* tess.mm in Sources */ = {isa = PBXBuildFile; fileRef = 1708336224A8C19B00E16A38 /* tess.mm */; };
		1708336624A8C19C00E16A38 /* tess.h in Headers */ = {isa = PBXBuildFile; fileRef = 1708336324A8C19B00E16A38 /* tess.h */; settings = {ATTRIBUTES = (Public, ); }; };
		1708336724A8C19C00E16A38 /* tess.h in Headers */ = {isa = PBXBuildFile; fileRef = 1708336324A8C19B00E16A38 /* tess.h */; settings = {ATTRIBUTES = (Public, ); }; };
		1708336A24A8C25100E16A38 /* libz.tbd in Frameworks */ = {isa = PBXBuildFile; fileRef = 1708336924A8C24A00E16A38 /* libz.tbd */; };
		1708336B24A8C25B00E16A38 /* libz.tbd in Frameworks */ = {isa = PBXBuildFile; fileRef = 1708336924A8C24A00E16A38 /* libz.tbd */; };
		1708337424A8C2AD00E16A38 /* AppDelegate.m in Sources */ = {isa = PBXBuildFile; fileRef = 1708337324A8C2AD00E16A38 /* AppDelegate.m */; };
		1708337724A8C2AD00E16A38 /* SceneDelegate.m in Sources */ = {isa = PBXBuildFile; fileRef = 1708337624A8C2AD00E16A38 /* SceneDelegate.m */; };
		1708337A24A8C2AD00E16A38 /* ViewController.m in Sources */ = {isa = PBXBuildFile; fileRef = 1708337924A8C2AD00E16A38 /* ViewController.m */; };
		1708337D24A8C2AD00E16A38 /* Main.storyboard in Resources */ = {isa = PBXBuildFile; fileRef = 1708337B24A8C2AD00E16A38 /* Main.storyboard */; };
		1708337F24A8C2AE00E16A38 /* Assets.xcassets in Resources */ = {isa = PBXBuildFile; fileRef = 1708337E24A8C2AE00E16A38 /* Assets.xcassets */; };
		1708338224A8C2AE00E16A38 /* LaunchScreen.storyboard in Resources */ = {isa = PBXBuildFile; fileRef = 1708338024A8C2AE00E16A38 /* LaunchScreen.storyboard */; };
		1708338524A8C2AE00E16A38 /* main.m in Sources */ = {isa = PBXBuildFile; fileRef = 1708338424A8C2AE00E16A38 /* main.m */; };
		1708339124A8C2C200E16A38 /* AppDelegate.m in Sources */ = {isa = PBXBuildFile; fileRef = 1708339024A8C2C200E16A38 /* AppDelegate.m */; };
		1708339424A8C2C200E16A38 /* ViewController.m in Sources */ = {isa = PBXBuildFile; fileRef = 1708339324A8C2C200E16A38 /* ViewController.m */; };
		1708339624A8C2C300E16A38 /* Assets.xcassets in Resources */ = {isa = PBXBuildFile; fileRef = 1708339524A8C2C300E16A38 /* Assets.xcassets */; };
		1708339924A8C2C300E16A38 /* Main.storyboard in Resources */ = {isa = PBXBuildFile; fileRef = 1708339724A8C2C300E16A38 /* Main.storyboard */; };
		1708339C24A8C2C300E16A38 /* main.m in Sources */ = {isa = PBXBuildFile; fileRef = 1708339B24A8C2C300E16A38 /* main.m */; };
		170833A124A8C2C900E16A38 /* tessosx.framework in Frameworks */ = {isa = PBXBuildFile; fileRef = 1708334424A8C05200E16A38 /* tessosx.framework */; };
		170833A224A8C2C900E16A38 /* tessosx.framework in Embed Frameworks */ = {isa = PBXBuildFile; fileRef = 1708334424A8C05200E16A38 /* tessosx.framework */; settings = {ATTRIBUTES = (CodeSignOnCopy, RemoveHeadersOnCopy, ); }; };
		170833A624A8C47E00E16A38 /* tessios.framework in Frameworks */ = {isa = PBXBuildFile; fileRef = 1708335224A8C06600E16A38 /* tessios.framework */; };
		170833A724A8C47E00E16A38 /* tessios.framework in Embed Frameworks */ = {isa = PBXBuildFile; fileRef = 1708335224A8C06600E16A38 /* tessios.framework */; settings = {ATTRIBUTES = (CodeSignOnCopy, RemoveHeadersOnCopy, ); }; };
/* End PBXBuildFile section */

/* Begin PBXContainerItemProxy section */
		170833A324A8C2C900E16A38 /* PBXContainerItemProxy */ = {
			isa = PBXContainerItemProxy;
			containerPortal = 1708333924A8C03C00E16A38 /* Project object */;
			proxyType = 1;
			remoteGlobalIDString = 1708334324A8C05200E16A38;
			remoteInfo = tessosx;
		};
		170833A824A8C47E00E16A38 /* PBXContainerItemProxy */ = {
			isa = PBXContainerItemProxy;
			containerPortal = 1708333924A8C03C00E16A38 /* Project object */;
			proxyType = 1;
			remoteGlobalIDString = 1708335124A8C06600E16A38;
			remoteInfo = tessios;
		};
/* End PBXContainerItemProxy section */

/* Begin PBXCopyFilesBuildPhase section */
		170833A524A8C2CA00E16A38 /* Embed Frameworks */ = {
			isa = PBXCopyFilesBuildPhase;
			buildActionMask = 2147483647;
			dstPath = "";
			dstSubfolderSpec = 10;
			files = (
				170833A224A8C2C900E16A38 /* tessosx.framework in Embed Frameworks */,
			);
			name = "Embed Frameworks";
			runOnlyForDeploymentPostprocessing = 0;
		};
		170833AA24A8C47E00E16A38 /* Embed Frameworks */ = {
			isa = PBXCopyFilesBuildPhase;
			buildActionMask = 2147483647;
			dstPath = "";
			dstSubfolderSpec = 10;
			files = (
				170833A724A8C47E00E16A38 /* tessios.framework in Embed Frameworks */,
			);
			name = "Embed Frameworks";
			runOnlyForDeploymentPostprocessing = 0;
		};
/* End PBXCopyFilesBuildPhase section */

/* Begin PBXFileReference section */
		1708334424A8C05200E16A38 /* tessosx.framework */ = {isa = PBXFileReference; explicitFileType = wrapper.framework; includeInIndex = 0; path = tessosx.framework; sourceTree = BUILT_PRODUCTS_DIR; };
		1708334724A8C05300E16A38 /* tessosx.h */ = {isa = PBXFileReference; lastKnownFileType = sourcecode.c.h; path = tessosx.h; sourceTree = "<group>"; };
		1708334824A8C05300E16A38 /* Info.plist */ = {isa = PBXFileReference; lastKnownFileType = text.plist.xml; path = Info.plist; sourceTree = "<group>"; };
		1708335224A8C06600E16A38 /* tessios.framework */ = {isa = PBXFileReference; explicitFileType = wrapper.framework; includeInIndex = 0; path = tessios.framework; sourceTree = BUILT_PRODUCTS_DIR; };
		1708335424A8C06600E16A38 /* tessios.h */ = {isa = PBXFileReference; lastKnownFileType = sourcecode.c.h; path = tessios.h; sourceTree = "<group>"; };
		1708335524A8C06600E16A38 /* Info.plist */ = {isa = PBXFileReference; lastKnownFileType = text.plist.xml; path = Info.plist; sourceTree = "<group>"; };
		1708336224A8C19B00E16A38 /* tess.mm */ = {isa = PBXFileReference; fileEncoding = 4; lastKnownFileType = sourcecode.cpp.objcpp; path = tess.mm; sourceTree = "<group>"; };
		1708336324A8C19B00E16A38 /* tess.h */ = {isa = PBXFileReference; fileEncoding = 4; lastKnownFileType = sourcecode.c.h; path = tess.h; sourceTree = "<group>"; };
		1708336924A8C24A00E16A38 /* libz.tbd */ = {isa = PBXFileReference; lastKnownFileType = "sourcecode.text-based-dylib-definition"; name = libz.tbd; path = usr/lib/libz.tbd; sourceTree = SDKROOT; };
		1708337024A8C2AD00E16A38 /* iosapp.app */ = {isa = PBXFileReference; explicitFileType = wrapper.application; includeInIndex = 0; path = iosapp.app; sourceTree = BUILT_PRODUCTS_DIR; };
		1708337224A8C2AD00E16A38 /* AppDelegate.h */ = {isa = PBXFileReference; lastKnownFileType = sourcecode.c.h; path = AppDelegate.h; sourceTree = "<group>"; };
		1708337324A8C2AD00E16A38 /* AppDelegate.m */ = {isa = PBXFileReference; lastKnownFileType = sourcecode.c.objc; path = AppDelegate.m; sourceTree = "<group>"; };
		1708337524A8C2AD00E16A38 /* SceneDelegate.h */ = {isa = PBXFileReference; lastKnownFileType = sourcecode.c.h; path = SceneDelegate.h; sourceTree = "<group>"; };
		1708337624A8C2AD00E16A38 /* SceneDelegate.m */ = {isa = PBXFileReference; lastKnownFileType = sourcecode.c.objc; path = SceneDelegate.m; sourceTree = "<group>"; };
		1708337824A8C2AD00E16A38 /* ViewController.h */ = {isa = PBXFileReference; lastKnownFileType = sourcecode.c.h; path = ViewController.h; sourceTree = "<group>"; };
		1708337924A8C2AD00E16A38 /* ViewController.m */ = {isa = PBXFileReference; lastKnownFileType = sourcecode.c.objc; path = ViewController.m; sourceTree = "<group>"; };
		1708337C24A8C2AD00E16A38 /* Base */ = {isa = PBXFileReference; lastKnownFileType = file.storyboard; name = Base; path = Base.lproj/Main.storyboard; sourceTree = "<group>"; };
		1708337E24A8C2AE00E16A38 /* Assets.xcassets */ = {isa = PBXFileReference; lastKnownFileType = folder.assetcatalog; path = Assets.xcassets; sourceTree = "<group>"; };
		1708338124A8C2AE00E16A38 /* Base */ = {isa = PBXFileReference; lastKnownFileType = file.storyboard; name = Base; path = Base.lproj/LaunchScreen.storyboard; sourceTree = "<group>"; };
		1708338324A8C2AE00E16A38 /* Info.plist */ = {isa = PBXFileReference; lastKnownFileType = text.plist.xml; path = Info.plist; sourceTree = "<group>"; };
		1708338424A8C2AE00E16A38 /* main.m */ = {isa = PBXFileReference; lastKnownFileType = sourcecode.c.objc; path = main.m; sourceTree = "<group>"; };
		1708338D24A8C2C200E16A38 /* osxapp.app */ = {isa = PBXFileReference; explicitFileType = wrapper.application; includeInIndex = 0; path = osxapp.app; sourceTree = BUILT_PRODUCTS_DIR; };
		1708338F24A8C2C200E16A38 /* AppDelegate.h */ = {isa = PBXFileReference; lastKnownFileType = sourcecode.c.h; path = AppDelegate.h; sourceTree = "<group>"; };
		1708339024A8C2C200E16A38 /* AppDelegate.m */ = {isa = PBXFileReference; lastKnownFileType = sourcecode.c.objc; path = AppDelegate.m; sourceTree = "<group>"; };
		1708339224A8C2C200E16A38 /* ViewController.h */ = {isa = PBXFileReference; lastKnownFileType = sourcecode.c.h; path = ViewController.h; sourceTree = "<group>"; };
		1708339324A8C2C200E16A38 /* ViewController.m */ = {isa = PBXFileReference; lastKnownFileType = sourcecode.c.objc; path = ViewController.m; sourceTree = "<group>"; };
		1708339524A8C2C300E16A38 /* Assets.xcassets */ = {isa = PBXFileReference; lastKnownFileType = folder.assetcatalog; path = Assets.xcassets; sourceTree = "<group>"; };
		1708339824A8C2C300E16A38 /* Base */ = {isa = PBXFileReference; lastKnownFileType = file.storyboard; name = Base; path = Base.lproj/Main.storyboard; sourceTree = "<group>"; };
		1708339A24A8C2C300E16A38 /* Info.plist */ = {isa = PBXFileReference; lastKnownFileType = text.plist.xml; path = Info.plist; sourceTree = "<group>"; };
		1708339B24A8C2C300E16A38 /* main.m */ = {isa = PBXFileReference; lastKnownFileType = sourcecode.c.objc; path = main.m; sourceTree = "<group>"; };
		1708339D24A8C2C300E16A38 /* osxapp.entitlements */ = {isa = PBXFileReference; lastKnownFileType = text.plist.entitlements; path = osxapp.entitlements; sourceTree = "<group>"; };
/* End PBXFileReference section */

/* Begin PBXFrameworksBuildPhase section */
		1708334124A8C05200E16A38 /* Frameworks */ = {
			isa = PBXFrameworksBuildPhase;
			buildActionMask = 2147483647;
			files = (
				1708336A24A8C25100E16A38 /* libz.tbd in Frameworks */,
			);
			runOnlyForDeploymentPostprocessing = 0;
		};
		1708334F24A8C06600E16A38 /* Frameworks */ = {
			isa = PBXFrameworksBuildPhase;
			buildActionMask = 2147483647;
			files = (
				1708336B24A8C25B00E16A38 /* libz.tbd in Frameworks */,
			);
			runOnlyForDeploymentPostprocessing = 0;
		};
		1708336D24A8C2AD00E16A38 /* Frameworks */ = {
			isa = PBXFrameworksBuildPhase;
			buildActionMask = 2147483647;
			files = (
				170833A624A8C47E00E16A38 /* tessios.framework in Frameworks */,
			);
			runOnlyForDeploymentPostprocessing = 0;
		};
		1708338A24A8C2C200E16A38 /* Frameworks */ = {
			isa = PBXFrameworksBuildPhase;
			buildActionMask = 2147483647;
			files = (
				170833A124A8C2C900E16A38 /* tessosx.framework in Frameworks */,
			);
			runOnlyForDeploymentPostprocessing = 0;
		};
/* End PBXFrameworksBuildPhase section */

/* Begin PBXGroup section */
		1708333824A8C03C00E16A38 = {
			isa = PBXGroup;
			children = (
				1708336124A8C17800E16A38 /* tess */,
				1708334624A8C05300E16A38 /* tessosx */,
				1708335324A8C06600E16A38 /* tessios */,
				1708337124A8C2AD00E16A38 /* iosapp */,
				1708338E24A8C2C200E16A38 /* osxapp */,
				1708334524A8C05200E16A38 /* Products */,
				1708336824A8C24A00E16A38 /* Frameworks */,
			);
			sourceTree = "<group>";
		};
		1708334524A8C05200E16A38 /* Products */ = {
			isa = PBXGroup;
			children = (
				1708334424A8C05200E16A38 /* tessosx.framework */,
				1708335224A8C06600E16A38 /* tessios.framework */,
				1708337024A8C2AD00E16A38 /* iosapp.app */,
				1708338D24A8C2C200E16A38 /* osxapp.app */,
			);
			name = Products;
			sourceTree = "<group>";
		};
		1708334624A8C05300E16A38 /* tessosx */ = {
			isa = PBXGroup;
			children = (
				1708334724A8C05300E16A38 /* tessosx.h */,
				1708334824A8C05300E16A38 /* Info.plist */,
			);
			path = tessosx;
			sourceTree = "<group>";
		};
		1708335324A8C06600E16A38 /* tessios */ = {
			isa = PBXGroup;
			children = (
				1708335424A8C06600E16A38 /* tessios.h */,
				1708335524A8C06600E16A38 /* Info.plist */,
			);
			path = tessios;
			sourceTree = "<group>";
		};
		1708336124A8C17800E16A38 /* tess */ = {
			isa = PBXGroup;
			children = (
				1708336324A8C19B00E16A38 /* tess.h */,
				1708336224A8C19B00E16A38 /* tess.mm */,
			);
			path = tess;
			sourceTree = "<group>";
		};
		1708336824A8C24A00E16A38 /* Frameworks */ = {
			isa = PBXGroup;
			children = (
				1708336924A8C24A00E16A38 /* libz.tbd */,
			);
			name = Frameworks;
			sourceTree = "<group>";
		};
		1708337124A8C2AD00E16A38 /* iosapp */ = {
			isa = PBXGroup;
			children = (
				1708337224A8C2AD00E16A38 /* AppDelegate.h */,
				1708337324A8C2AD00E16A38 /* AppDelegate.m */,
				1708337524A8C2AD00E16A38 /* SceneDelegate.h */,
				1708337624A8C2AD00E16A38 /* SceneDelegate.m */,
				1708337824A8C2AD00E16A38 /* ViewController.h */,
				1708337924A8C2AD00E16A38 /* ViewController.m */,
				1708337B24A8C2AD00E16A38 /* Main.storyboard */,
				1708337E24A8C2AE00E16A38 /* Assets.xcassets */,
				1708338024A8C2AE00E16A38 /* LaunchScreen.storyboard */,
				1708338324A8C2AE00E16A38 /* Info.plist */,
				1708338424A8C2AE00E16A38 /* main.m */,
			);
			path = iosapp;
			sourceTree = "<group>";
		};
		1708338E24A8C2C200E16A38 /* osxapp */ = {
			isa = PBXGroup;
			children = (
				1708338F24A8C2C200E16A38 /* AppDelegate.h */,
				1708339024A8C2C200E16A38 /* AppDelegate.m */,
				1708339224A8C2C200E16A38 /* ViewController.h */,
				1708339324A8C2C200E16A38 /* ViewController.m */,
				1708339524A8C2C300E16A38 /* Assets.xcassets */,
				1708339724A8C2C300E16A38 /* Main.storyboard */,
				1708339A24A8C2C300E16A38 /* Info.plist */,
				1708339B24A8C2C300E16A38 /* main.m */,
				1708339D24A8C2C300E16A38 /* osxapp.entitlements */,
			);
			path = osxapp;
			sourceTree = "<group>";
		};
/* End PBXGroup section */

/* Begin PBXHeadersBuildPhase section */
		1708333F24A8C05200E16A38 /* Headers */ = {
			isa = PBXHeadersBuildPhase;
			buildActionMask = 2147483647;
			files = (
				1708334924A8C05300E16A38 /* tessosx.h in Headers */,
				1708336624A8C19C00E16A38 /* tess.h in Headers */,
			);
			runOnlyForDeploymentPostprocessing = 0;
		};
		1708334D24A8C06600E16A38 /* Headers */ = {
			isa = PBXHeadersBuildPhase;
			buildActionMask = 2147483647;
			files = (
				1708335624A8C06600E16A38 /* tessios.h in Headers */,
				1708336724A8C19C00E16A38 /* tess.h in Headers */,
			);
			runOnlyForDeploymentPostprocessing = 0;
		};
/* End PBXHeadersBuildPhase section */

/* Begin PBXNativeTarget section */
		1708334324A8C05200E16A38 /* tessosx */ = {
			isa = PBXNativeTarget;
			buildConfigurationList = 1708334A24A8C05300E16A38 /* Build configuration list for PBXNativeTarget "tessosx" */;
			buildPhases = (
				1708333F24A8C05200E16A38 /* Headers */,
				1708334024A8C05200E16A38 /* Sources */,
				1708334124A8C05200E16A38 /* Frameworks */,
				1708334224A8C05200E16A38 /* Resources */,
			);
			buildRules = (
			);
			dependencies = (
			);
			name = tessosx;
			productName = tessosx;
			productReference = 1708334424A8C05200E16A38 /* tessosx.framework */;
			productType = "com.apple.product-type.framework";
		};
		1708335124A8C06600E16A38 /* tessios */ = {
			isa = PBXNativeTarget;
			buildConfigurationList = 1708335724A8C06600E16A38 /* Build configuration list for PBXNativeTarget "tessios" */;
			buildPhases = (
				1708334D24A8C06600E16A38 /* Headers */,
				1708334E24A8C06600E16A38 /* Sources */,
				1708334F24A8C06600E16A38 /* Frameworks */,
				1708335024A8C06600E16A38 /* Resources */,
			);
			buildRules = (
			);
			dependencies = (
			);
			name = tessios;
			productName = tessios;
			productReference = 1708335224A8C06600E16A38 /* tessios.framework */;
			productType = "com.apple.product-type.framework";
		};
		1708336F24A8C2AD00E16A38 /* iosapp */ = {
			isa = PBXNativeTarget;
			buildConfigurationList = 1708338624A8C2AE00E16A38 /* Build configuration list for PBXNativeTarget "iosapp" */;
			buildPhases = (
				1708336C24A8C2AD00E16A38 /* Sources */,
				1708336D24A8C2AD00E16A38 /* Frameworks */,
				1708336E24A8C2AD00E16A38 /* Resources */,
				170833AA24A8C47E00E16A38 /* Embed Frameworks */,
			);
			buildRules = (
			);
			dependencies = (
				170833A924A8C47E00E16A38 /* PBXTargetDependency */,
			);
			name = iosapp;
			productName = iosapp;
			productReference = 1708337024A8C2AD00E16A38 /* iosapp.app */;
			productType = "com.apple.product-type.application";
		};
		1708338C24A8C2C200E16A38 /* osxapp */ = {
			isa = PBXNativeTarget;
			buildConfigurationList = 1708339E24A8C2C300E16A38 /* Build configuration list for PBXNativeTarget "osxapp" */;
			buildPhases = (
				1708338924A8C2C200E16A38 /* Sources */,
				1708338A24A8C2C200E16A38 /* Frameworks */,
				1708338B24A8C2C200E16A38 /* Resources */,
				170833A524A8C2CA00E16A38 /* Embed Frameworks */,
			);
			buildRules = (
			);
			dependencies = (
				170833A424A8C2C900E16A38 /* PBXTargetDependency */,
			);
			name = osxapp;
			productName = osxapp;
			productReference = 1708338D24A8C2C200E16A38 /* osxapp.app */;
			productType = "com.apple.product-type.application";
		};
/* End PBXNativeTarget section */

/* Begin PBXProject section */
		1708333924A8C03C00E16A38 /* Project object */ = {
			isa = PBXProject;
			attributes = {
				LastUpgradeCheck = 1150;
				TargetAttributes = {
					1708334324A8C05200E16A38 = {
						CreatedOnToolsVersion = 11.5;
					};
					1708335124A8C06600E16A38 = {
						CreatedOnToolsVersion = 11.5;
					};
					1708336F24A8C2AD00E16A38 = {
						CreatedOnToolsVersion = 11.5;
					};
					1708338C24A8C2C200E16A38 = {
						CreatedOnToolsVersion = 11.5;
					};
				};
			};
			buildConfigurationList = 1708333C24A8C03C00E16A38 /* Build configuration list for PBXProject "tess" */;
			compatibilityVersion = "Xcode 9.3";
			developmentRegion = en;
			hasScannedForEncodings = 0;
			knownRegions = (
				en,
				Base,
			);
			mainGroup = 1708333824A8C03C00E16A38;
			productRefGroup = 1708334524A8C05200E16A38 /* Products */;
			projectDirPath = "";
			projectRoot = "";
			targets = (
				1708334324A8C05200E16A38 /* tessosx */,
				1708335124A8C06600E16A38 /* tessios */,
				1708336F24A8C2AD00E16A38 /* iosapp */,
				1708338C24A8C2C200E16A38 /* osxapp */,
			);
		};
/* End PBXProject section */

/* Begin PBXResourcesBuildPhase section */
		1708334224A8C05200E16A38 /* Resources */ = {
			isa = PBXResourcesBuildPhase;
			buildActionMask = 2147483647;
			files = (
			);
			runOnlyForDeploymentPostprocessing = 0;
		};
		1708335024A8C06600E16A38 /* Resources */ = {
			isa = PBXResourcesBuildPhase;
			buildActionMask = 2147483647;
			files = (
			);
			runOnlyForDeploymentPostprocessing = 0;
		};
		1708336E24A8C2AD00E16A38 /* Resources */ = {
			isa = PBXResourcesBuildPhase;
			buildActionMask = 2147483647;
			files = (
				1708338224A8C2AE00E16A38 /* LaunchScreen.storyboard in Resources */,
				1708337F24A8C2AE00E16A38 /* Assets.xcassets in Resources */,
				1708337D24A8C2AD00E16A38 /* Main.storyboard in Resources */,
			);
			runOnlyForDeploymentPostprocessing = 0;
		};
		1708338B24A8C2C200E16A38 /* Resources */ = {
			isa = PBXResourcesBuildPhase;
			buildActionMask = 2147483647;
			files = (
				1708339624A8C2C300E16A38 /* Assets.xcassets in Resources */,
				1708339924A8C2C300E16A38 /* Main.storyboard in Resources */,
			);
			runOnlyForDeploymentPostprocessing = 0;
		};
/* End PBXResourcesBuildPhase section */

/* Begin PBXSourcesBuildPhase section */
		1708334024A8C05200E16A38 /* Sources */ = {
			isa = PBXSourcesBuildPhase;
			buildActionMask = 2147483647;
			files = (
				1708336424A8C19C00E16A38 /* tess.mm in Sources */,
			);
			runOnlyForDeploymentPostprocessing = 0;
		};
		1708334E24A8C06600E16A38 /* Sources */ = {
			isa = PBXSourcesBuildPhase;
			buildActionMask = 2147483647;
			files = (
				1708336524A8C19C00E16A38 /* tess.mm in Sources */,
			);
			runOnlyForDeploymentPostprocessing = 0;
		};
		1708336C24A8C2AD00E16A38 /* Sources */ = {
			isa = PBXSourcesBuildPhase;
			buildActionMask = 2147483647;
			files = (
				1708337A24A8C2AD00E16A38 /* ViewController.m in Sources */,
				1708337424A8C2AD00E16A38 /* AppDelegate.m in Sources */,
				1708338524A8C2AE00E16A38 /* main.m in Sources */,
				1708337724A8C2AD00E16A38 /* SceneDelegate.m in Sources */,
			);
			runOnlyForDeploymentPostprocessing = 0;
		};
		1708338924A8C2C200E16A38 /* Sources */ = {
			isa = PBXSourcesBuildPhase;
			buildActionMask = 2147483647;
			files = (
				1708339424A8C2C200E16A38 /* ViewController.m in Sources */,
				1708339C24A8C2C300E16A38 /* main.m in Sources */,
				1708339124A8C2C200E16A38 /* AppDelegate.m in Sources */,
			);
			runOnlyForDeploymentPostprocessing = 0;
		};
/* End PBXSourcesBuildPhase section */

/* Begin PBXTargetDependency section */
		170833A424A8C2C900E16A38 /* PBXTargetDependency */ = {
			isa = PBXTargetDependency;
			target = 1708334324A8C05200E16A38 /* tessosx */;
			targetProxy = 170833A324A8C2C900E16A38 /* PBXContainerItemProxy */;
		};
		170833A924A8C47E00E16A38 /* PBXTargetDependency */ = {
			isa = PBXTargetDependency;
			target = 1708335124A8C06600E16A38 /* tessios */;
			targetProxy = 170833A824A8C47E00E16A38 /* PBXContainerItemProxy */;
		};
/* End PBXTargetDependency section */

/* Begin PBXVariantGroup section */
		1708337B24A8C2AD00E16A38 /* Main.storyboard */ = {
			isa = PBXVariantGroup;
			children = (
				1708337C24A8C2AD00E16A38 /* Base */,
			);
			name = Main.storyboard;
			sourceTree = "<group>";
		};
		1708338024A8C2AE00E16A38 /* LaunchScreen.storyboard */ = {
			isa = PBXVariantGroup;
			children = (
				1708338124A8C2AE00E16A38 /* Base */,
			);
			name = LaunchScreen.storyboard;
			sourceTree = "<group>";
		};
		1708339724A8C2C300E16A38 /* Main.storyboard */ = {
			isa = PBXVariantGroup;
			children = (
				1708339824A8C2C300E16A38 /* Base */,
			);
			name = Main.storyboard;
			sourceTree = "<group>";
		};
/* End PBXVariantGroup section */

/* Begin XCBuildConfiguration section */
		1708333D24A8C03C00E16A38 /* Debug */ = {
			isa = XCBuildConfiguration;
			buildSettings = {
			};
			name = Debug;
		};
		1708333E24A8C03C00E16A38 /* Release */ = {
			isa = XCBuildConfiguration;
			buildSettings = {
			};
			name = Release;
		};
		1708334B24A8C05300E16A38 /* Debug */ = {
			isa = XCBuildConfiguration;
			buildSettings = {
				ALWAYS_SEARCH_USER_PATHS = NO;
				CLANG_ANALYZER_NONNULL = YES;
				CLANG_ANALYZER_NUMBER_OBJECT_CONVERSION = YES_AGGRESSIVE;
				CLANG_CXX_LANGUAGE_STANDARD = "gnu++14";
				CLANG_CXX_LIBRARY = "libc++";
				CLANG_ENABLE_MODULES = YES;
				CLANG_ENABLE_OBJC_ARC = YES;
				CLANG_ENABLE_OBJC_WEAK = YES;
				CLANG_WARN_BLOCK_CAPTURE_AUTORELEASING = YES;
				CLANG_WARN_BOOL_CONVERSION = YES;
				CLANG_WARN_COMMA = YES;
				CLANG_WARN_CONSTANT_CONVERSION = YES;
				CLANG_WARN_DEPRECATED_OBJC_IMPLEMENTATIONS = YES;
				CLANG_WARN_DIRECT_OBJC_ISA_USAGE = YES_ERROR;
				CLANG_WARN_DOCUMENTATION_COMMENTS = YES;
				CLANG_WARN_EMPTY_BODY = YES;
				CLANG_WARN_ENUM_CONVERSION = YES;
				CLANG_WARN_INFINITE_RECURSION = YES;
				CLANG_WARN_INT_CONVERSION = YES;
				CLANG_WARN_NON_LITERAL_NULL_CONVERSION = YES;
				CLANG_WARN_OBJC_IMPLICIT_RETAIN_SELF = YES;
				CLANG_WARN_OBJC_LITERAL_CONVERSION = YES;
				CLANG_WARN_OBJC_ROOT_CLASS = YES_ERROR;
				CLANG_WARN_RANGE_LOOP_ANALYSIS = YES;
				CLANG_WARN_STRICT_PROTOTYPES = YES;
				CLANG_WARN_SUSPICIOUS_MOVE = YES;
				CLANG_WARN_UNGUARDED_AVAILABILITY = YES_AGGRESSIVE;
				CLANG_WARN_UNREACHABLE_CODE = YES;
				CLANG_WARN__DUPLICATE_METHOD_MATCH = YES;
				CODE_SIGN_STYLE = Automatic;
				COMBINE_HIDPI_IMAGES = YES;
				COPY_PHASE_STRIP = NO;
				CURRENT_PROJECT_VERSION = 1;
				DEBUG_INFORMATION_FORMAT = dwarf;
				DEFINES_MODULE = YES;
				DYLIB_COMPATIBILITY_VERSION = 1;
				DYLIB_CURRENT_VERSION = 1;
				DYLIB_INSTALL_NAME_BASE = "@rpath";
				ENABLE_STRICT_OBJC_MSGSEND = YES;
				ENABLE_TESTABILITY = YES;
				GCC_C_LANGUAGE_STANDARD = gnu11;
				GCC_DYNAMIC_NO_PIC = NO;
				GCC_NO_COMMON_BLOCKS = YES;
				GCC_OPTIMIZATION_LEVEL = 0;
				GCC_PREPROCESSOR_DEFINITIONS = (
					"DEBUG=1",
					"$(inherited)",
				);
				GCC_WARN_64_TO_32_BIT_CONVERSION = YES;
				GCC_WARN_ABOUT_RETURN_TYPE = YES_ERROR;
				GCC_WARN_UNDECLARED_SELECTOR = YES;
				GCC_WARN_UNINITIALIZED_AUTOS = YES_AGGRESSIVE;
				GCC_WARN_UNUSED_FUNCTION = YES;
				GCC_WARN_UNUSED_VARIABLE = YES;
				HEADER_SEARCH_PATHS = "$(PROJECT_DIR)/../../../../deps/osx/include/";
				INFOPLIST_FILE = tessosx/Info.plist;
				INSTALL_PATH = "$(LOCAL_LIBRARY_DIR)/Frameworks";
				LD_RUNPATH_SEARCH_PATHS = (
					"$(inherited)",
					"@executable_path/../Frameworks",
					"@loader_path/Frameworks",
				);
				LIBRARY_SEARCH_PATHS = "$(PROJECT_DIR)/../../../../deps/osx/lib";
				MACOSX_DEPLOYMENT_TARGET = 10.15;
				MTL_ENABLE_DEBUG_INFO = INCLUDE_SOURCE;
				MTL_FAST_MATH = YES;
				ONLY_ACTIVE_ARCH = YES;
				OTHER_LDFLAGS = (
					"-ljpeg",
					"-llept",
					"-lopenjp2",
					"-lpng",
					"-lpng16",
					"-ltesseract",
					"-ltiff",
					"-lturbojpeg",
					"-lwebp",
				);
				PRODUCT_BUNDLE_IDENTIFIER = com.github.centny.tess.tessosx;
				PRODUCT_NAME = "$(TARGET_NAME:c99extidentifier)";
				SDKROOT = macosx;
				SKIP_INSTALL = YES;
				VERSIONING_SYSTEM = "apple-generic";
				VERSION_INFO_PREFIX = "";
			};
			name = Debug;
		};
		1708334C24A8C05300E16A38 /* Release */ = {
			isa = XCBuildConfiguration;
			buildSettings = {
				ALWAYS_SEARCH_USER_PATHS = NO;
				CLANG_ANALYZER_NONNULL = YES;
				CLANG_ANALYZER_NUMBER_OBJECT_CONVERSION = YES_AGGRESSIVE;
				CLANG_CXX_LANGUAGE_STANDARD = "gnu++14";
				CLANG_CXX_LIBRARY = "libc++";
				CLANG_ENABLE_MODULES = YES;
				CLANG_ENABLE_OBJC_ARC = YES;
				CLANG_ENABLE_OBJC_WEAK = YES;
				CLANG_WARN_BLOCK_CAPTURE_AUTORELEASING = YES;
				CLANG_WARN_BOOL_CONVERSION = YES;
				CLANG_WARN_COMMA = YES;
				CLANG_WARN_CONSTANT_CONVERSION = YES;
				CLANG_WARN_DEPRECATED_OBJC_IMPLEMENTATIONS = YES;
				CLANG_WARN_DIRECT_OBJC_ISA_USAGE = YES_ERROR;
				CLANG_WARN_DOCUMENTATION_COMMENTS = YES;
				CLANG_WARN_EMPTY_BODY = YES;
				CLANG_WARN_ENUM_CONVERSION = YES;
				CLANG_WARN_INFINITE_RECURSION = YES;
				CLANG_WARN_INT_CONVERSION = YES;
				CLANG_WARN_NON_LITERAL_NULL_CONVERSION = YES;
				CLANG_WARN_OBJC_IMPLICIT_RETAIN_SELF = YES;
				CLANG_WARN_OBJC_LITERAL_CONVERSION = YES;
				CLANG_WARN_OBJC_ROOT_CLASS = YES_ERROR;
				CLANG_WARN_RANGE_LOOP_ANALYSIS = YES;
				CLANG_WARN_STRICT_PROTOTYPES = YES;
				CLANG_WARN_SUSPICIOUS_MOVE = YES;
				CLANG_WARN_UNGUARDED_AVAILABILITY = YES_AGGRESSIVE;
				CLANG_WARN_UNREACHABLE_CODE = YES;
				CLANG_WARN__DUPLICATE_METHOD_MATCH = YES;
				CODE_SIGN_STYLE = Automatic;
				COMBINE_HIDPI_IMAGES = YES;
				COPY_PHASE_STRIP = NO;
				CURRENT_PROJECT_VERSION = 1;
				DEBUG_INFORMATION_FORMAT = "dwarf-with-dsym";
				DEFINES_MODULE = YES;
				DYLIB_COMPATIBILITY_VERSION = 1;
				DYLIB_CURRENT_VERSION = 1;
				DYLIB_INSTALL_NAME_BASE = "@rpath";
				ENABLE_NS_ASSERTIONS = NO;
				ENABLE_STRICT_OBJC_MSGSEND = YES;
				GCC_C_LANGUAGE_STANDARD = gnu11;
				GCC_NO_COMMON_BLOCKS = YES;
				GCC_WARN_64_TO_32_BIT_CONVERSION = YES;
				GCC_WARN_ABOUT_RETURN_TYPE = YES_ERROR;
				GCC_WARN_UNDECLARED_SELECTOR = YES;
				GCC_WARN_UNINITIALIZED_AUTOS = YES_AGGRESSIVE;
				GCC_WARN_UNUSED_FUNCTION = YES;
				GCC_WARN_UNUSED_VARIABLE = YES;
				HEADER_SEARCH_PATHS = "$(PROJECT_DIR)/../../../../deps/osx/include/";
				INFOPLIST_FILE = tessosx/Info.plist;
				INSTALL_PATH = "$(LOCAL_LIBRARY_DIR)/Frameworks";
				LD_RUNPATH_SEARCH_PATHS = (
					"$(inherited)",
					"@executable_path/../Frameworks",
					"@loader_path/Frameworks",
				);
				LIBRARY_SEARCH_PATHS = "$(PROJECT_DIR)/../../../../deps/osx/lib";
				MACOSX_DEPLOYMENT_TARGET = 10.15;
				MTL_ENABLE_DEBUG_INFO = NO;
				MTL_FAST_MATH = YES;
				OTHER_LDFLAGS = (
					"-ljpeg",
					"-llept",
					"-lopenjp2",
					"-lpng",
					"-lpng16",
					"-ltesseract",
					"-ltiff",
					"-lturbojpeg",
					"-lwebp",
				);
				PRODUCT_BUNDLE_IDENTIFIER = com.github.centny.tess.tessosx;
				PRODUCT_NAME = "$(TARGET_NAME:c99extidentifier)";
				SDKROOT = macosx;
				SKIP_INSTALL = YES;
				VERSIONING_SYSTEM = "apple-generic";
				VERSION_INFO_PREFIX = "";
			};
			name = Release;
		};
		1708335824A8C06600E16A38 /* Debug */ = {
			isa = XCBuildConfiguration;
			buildSettings = {
				ALWAYS_SEARCH_USER_PATHS = NO;
				CLANG_ANALYZER_NONNULL = YES;
				CLANG_ANALYZER_NUMBER_OBJECT_CONVERSION = YES_AGGRESSIVE;
				CLANG_CXX_LANGUAGE_STANDARD = "gnu++14";
				CLANG_CXX_LIBRARY = "libc++";
				CLANG_ENABLE_MODULES = YES;
				CLANG_ENABLE_OBJC_ARC = YES;
				CLANG_ENABLE_OBJC_WEAK = YES;
				CLANG_WARN_BLOCK_CAPTURE_AUTORELEASING = YES;
				CLANG_WARN_BOOL_CONVERSION = YES;
				CLANG_WARN_COMMA = YES;
				CLANG_WARN_CONSTANT_CONVERSION = YES;
				CLANG_WARN_DEPRECATED_OBJC_IMPLEMENTATIONS = YES;
				CLANG_WARN_DIRECT_OBJC_ISA_USAGE = YES_ERROR;
				CLANG_WARN_DOCUMENTATION_COMMENTS = YES;
				CLANG_WARN_EMPTY_BODY = YES;
				CLANG_WARN_ENUM_CONVERSION = YES;
				CLANG_WARN_INFINITE_RECURSION = YES;
				CLANG_WARN_INT_CONVERSION = YES;
				CLANG_WARN_NON_LITERAL_NULL_CONVERSION = YES;
				CLANG_WARN_OBJC_IMPLICIT_RETAIN_SELF = YES;
				CLANG_WARN_OBJC_LITERAL_CONVERSION = YES;
				CLANG_WARN_OBJC_ROOT_CLASS = YES_ERROR;
				CLANG_WARN_RANGE_LOOP_ANALYSIS = YES;
				CLANG_WARN_STRICT_PROTOTYPES = YES;
				CLANG_WARN_SUSPICIOUS_MOVE = YES;
				CLANG_WARN_UNGUARDED_AVAILABILITY = YES_AGGRESSIVE;
				CLANG_WARN_UNREACHABLE_CODE = YES;
				CLANG_WARN__DUPLICATE_METHOD_MATCH = YES;
				CODE_SIGN_STYLE = Automatic;
				COPY_PHASE_STRIP = NO;
				CURRENT_PROJECT_VERSION = 1;
				DEBUG_INFORMATION_FORMAT = dwarf;
				DEFINES_MODULE = YES;
				DYLIB_COMPATIBILITY_VERSION = 1;
				DYLIB_CURRENT_VERSION = 1;
				DYLIB_INSTALL_NAME_BASE = "@rpath";
				ENABLE_STRICT_OBJC_MSGSEND = YES;
				ENABLE_TESTABILITY = YES;
				GCC_C_LANGUAGE_STANDARD = gnu11;
				GCC_DYNAMIC_NO_PIC = NO;
				GCC_NO_COMMON_BLOCKS = YES;
				GCC_OPTIMIZATION_LEVEL = 0;
				GCC_PREPROCESSOR_DEFINITIONS = (
					"DEBUG=1",
					"$(inherited)",
				);
				GCC_WARN_64_TO_32_BIT_CONVERSION = YES;
				GCC_WARN_ABOUT_RETURN_TYPE = YES_ERROR;
				GCC_WARN_UNDECLARED_SELECTOR = YES;
				GCC_WARN_UNINITIALIZED_AUTOS = YES_AGGRESSIVE;
				GCC_WARN_UNUSED_FUNCTION = YES;
				GCC_WARN_UNUSED_VARIABLE = YES;
				HEADER_SEARCH_PATHS = "$(PROJECT_DIR)/../../../../deps/ios/universal/include/";
				INFOPLIST_FILE = tessios/Info.plist;
				INSTALL_PATH = "$(LOCAL_LIBRARY_DIR)/Frameworks";
				IPHONEOS_DEPLOYMENT_TARGET = 13.5;
				LD_RUNPATH_SEARCH_PATHS = (
					"$(inherited)",
					"@executable_path/Frameworks",
					"@loader_path/Frameworks",
				);
				LIBRARY_SEARCH_PATHS = "$(PROJECT_DIR)/../../../../deps/ios/universal/lib";
				MTL_ENABLE_DEBUG_INFO = INCLUDE_SOURCE;
				MTL_FAST_MATH = YES;
				ONLY_ACTIVE_ARCH = YES;
				OTHER_LDFLAGS = (
					"-ljpeg",
					"-llept",
					"-lopenjp2",
					"-lpng",
					"-lpng16",
					"-ltesseract",
					"-ltiff",
					"-lturbojpeg",
					"-lwebp",
				);
				PRODUCT_BUNDLE_IDENTIFIER = com.github.centny.tess.tessios;
				PRODUCT_NAME = "$(TARGET_NAME:c99extidentifier)";
				SDKROOT = iphoneos;
				SKIP_INSTALL = YES;
				TARGETED_DEVICE_FAMILY = "1,2";
				VERSIONING_SYSTEM = "apple-generic";
				VERSION_INFO_PREFIX = "";
			};
			name = Debug;
		};
		1708335924A8C06600E16A38 /* Release */ = {
			isa = XCBuildConfiguration;
			buildSettings = {
				ALWAYS_SEARCH_USER_PATHS = NO;
				CLANG_ANALYZER_NONNULL = YES;
				CLANG_ANALYZER_NUMBER_OBJECT_CONVERSION = YES_AGGRESSIVE;
				CLANG_CXX_LANGUAGE_STANDARD = "gnu++14";
				CLANG_CXX_LIBRARY = "libc++";
				CLANG_ENABLE_MODULES = YES;
				CLANG_ENABLE_OBJC_ARC = YES;
				CLANG_ENABLE_OBJC_WEAK = YES;
				CLANG_WARN_BLOCK_CAPTURE_AUTORELEASING = YES;
				CLANG_WARN_BOOL_CONVERSION = YES;
				CLANG_WARN_COMMA = YES;
				CLANG_WARN_CONSTANT_CONVERSION = YES;
				CLANG_WARN_DEPRECATED_OBJC_IMPLEMENTATIONS = YES;
				CLANG_WARN_DIRECT_OBJC_ISA_USAGE = YES_ERROR;
				CLANG_WARN_DOCUMENTATION_COMMENTS = YES;
				CLANG_WARN_EMPTY_BODY = YES;
				CLANG_WARN_ENUM_CONVERSION = YES;
				CLANG_WARN_INFINITE_RECURSION = YES;
				CLANG_WARN_INT_CONVERSION = YES;
				CLANG_WARN_NON_LITERAL_NULL_CONVERSION = YES;
				CLANG_WARN_OBJC_IMPLICIT_RETAIN_SELF = YES;
				CLANG_WARN_OBJC_LITERAL_CONVERSION = YES;
				CLANG_WARN_OBJC_ROOT_CLASS = YES_ERROR;
				CLANG_WARN_RANGE_LOOP_ANALYSIS = YES;
				CLANG_WARN_STRICT_PROTOTYPES = YES;
				CLANG_WARN_SUSPICIOUS_MOVE = YES;
				CLANG_WARN_UNGUARDED_AVAILABILITY = YES_AGGRESSIVE;
				CLANG_WARN_UNREACHABLE_CODE = YES;
				CLANG_WARN__DUPLICATE_METHOD_MATCH = YES;
				CODE_SIGN_STYLE = Automatic;
				COPY_PHASE_STRIP = NO;
				CURRENT_PROJECT_VERSION = 1;
				DEBUG_INFORMATION_FORMAT = "dwarf-with-dsym";
				DEFINES_MODULE = YES;
				DYLIB_COMPATIBILITY_VERSION = 1;
				DYLIB_CURRENT_VERSION = 1;
				DYLIB_INSTALL_NAME_BASE = "@rpath";
				ENABLE_NS_ASSERTIONS = NO;
				ENABLE_STRICT_OBJC_MSGSEND = YES;
				GCC_C_LANGUAGE_STANDARD = gnu11;
				GCC_NO_COMMON_BLOCKS = YES;
				GCC_WARN_64_TO_32_BIT_CONVERSION = YES;
				GCC_WARN_ABOUT_RETURN_TYPE = YES_ERROR;
				GCC_WARN_UNDECLARED_SELECTOR = YES;
				GCC_WARN_UNINITIALIZED_AUTOS = YES_AGGRESSIVE;
				GCC_WARN_UNUSED_FUNCTION = YES;
				GCC_WARN_UNUSED_VARIABLE = YES;
				HEADER_SEARCH_PATHS = "$(PROJECT_DIR)/../../../../deps/ios/universal/include/";
				INFOPLIST_FILE = tessios/Info.plist;
				INSTALL_PATH = "$(LOCAL_LIBRARY_DIR)/Frameworks";
				IPHONEOS_DEPLOYMENT_TARGET = 13.5;
				LD_RUNPATH_SEARCH_PATHS = (
					"$(inherited)",
					"@executable_path/Frameworks",
					"@loader_path/Frameworks",
				);
				LIBRARY_SEARCH_PATHS = "$(PROJECT_DIR)/../../../../deps/ios/universal/lib";
				MTL_ENABLE_DEBUG_INFO = NO;
				MTL_FAST_MATH = YES;
				OTHER_LDFLAGS = (
					"-ljpeg",
					"-llept",
					"-lopenjp2",
					"-lpng",
					"-lpng16",
					"-ltesseract",
					"-ltiff",
					"-lturbojpeg",
					"-lwebp",
				);
				PRODUCT_BUNDLE_IDENTIFIER = com.github.centny.tess.tessios;
				PRODUCT_NAME = "$(TARGET_NAME:c99extidentifier)";
				SDKROOT = iphoneos;
				SKIP_INSTALL = YES;
				TARGETED_DEVICE_FAMILY = "1,2";
				VALIDATE_PRODUCT = YES;
				VERSIONING_SYSTEM = "apple-generic";
				VERSION_INFO_PREFIX = "";
			};
			name = Release;
		};
		1708338724A8C2AE00E16A38 /* Debug */ = {
			isa = XCBuildConfiguration;
			buildSettings = {
				ALWAYS_SEARCH_USER_PATHS = NO;
				ASSETCATALOG_COMPILER_APPICON_NAME = AppIcon;
				CLANG_ANALYZER_NONNULL = YES;
				CLANG_ANALYZER_NUMBER_OBJECT_CONVERSION = YES_AGGRESSIVE;
				CLANG_CXX_LANGUAGE_STANDARD = "gnu++14";
				CLANG_CXX_LIBRARY = "libc++";
				CLANG_ENABLE_MODULES = YES;
				CLANG_ENABLE_OBJC_ARC = YES;
				CLANG_ENABLE_OBJC_WEAK = YES;
				CLANG_WARN_BLOCK_CAPTURE_AUTORELEASING = YES;
				CLANG_WARN_BOOL_CONVERSION = YES;
				CLANG_WARN_COMMA = YES;
				CLANG_WARN_CONSTANT_CONVERSION = YES;
				CLANG_WARN_DEPRECATED_OBJC_IMPLEMENTATIONS = YES;
				CLANG_WARN_DIRECT_OBJC_ISA_USAGE = YES_ERROR;
				CLANG_WARN_DOCUMENTATION_COMMENTS = YES;
				CLANG_WARN_EMPTY_BODY = YES;
				CLANG_WARN_ENUM_CONVERSION = YES;
				CLANG_WARN_INFINITE_RECURSION = YES;
				CLANG_WARN_INT_CONVERSION = YES;
				CLANG_WARN_NON_LITERAL_NULL_CONVERSION = YES;
				CLANG_WARN_OBJC_IMPLICIT_RETAIN_SELF = YES;
				CLANG_WARN_OBJC_LITERAL_CONVERSION = YES;
				CLANG_WARN_OBJC_ROOT_CLASS = YES_ERROR;
				CLANG_WARN_RANGE_LOOP_ANALYSIS = YES;
				CLANG_WARN_STRICT_PROTOTYPES = YES;
				CLANG_WARN_SUSPICIOUS_MOVE = YES;
				CLANG_WARN_UNGUARDED_AVAILABILITY = YES_AGGRESSIVE;
				CLANG_WARN_UNREACHABLE_CODE = YES;
				CLANG_WARN__DUPLICATE_METHOD_MATCH = YES;
				CODE_SIGN_STYLE = Automatic;
				COPY_PHASE_STRIP = NO;
				DEBUG_INFORMATION_FORMAT = dwarf;
				ENABLE_STRICT_OBJC_MSGSEND = YES;
				ENABLE_TESTABILITY = YES;
				GCC_C_LANGUAGE_STANDARD = gnu11;
				GCC_DYNAMIC_NO_PIC = NO;
				GCC_NO_COMMON_BLOCKS = YES;
				GCC_OPTIMIZATION_LEVEL = 0;
				GCC_PREPROCESSOR_DEFINITIONS = (
					"DEBUG=1",
					"$(inherited)",
				);
				GCC_WARN_64_TO_32_BIT_CONVERSION = YES;
				GCC_WARN_ABOUT_RETURN_TYPE = YES_ERROR;
				GCC_WARN_UNDECLARED_SELECTOR = YES;
				GCC_WARN_UNINITIALIZED_AUTOS = YES_AGGRESSIVE;
				GCC_WARN_UNUSED_FUNCTION = YES;
				GCC_WARN_UNUSED_VARIABLE = YES;
				INFOPLIST_FILE = iosapp/Info.plist;
				IPHONEOS_DEPLOYMENT_TARGET = 13.5;
				LD_RUNPATH_SEARCH_PATHS = (
					"$(inherited)",
					"@executable_path/Frameworks",
				);
				MTL_ENABLE_DEBUG_INFO = INCLUDE_SOURCE;
				MTL_FAST_MATH = YES;
				ONLY_ACTIVE_ARCH = YES;
				PRODUCT_BUNDLE_IDENTIFIER = com.github.centny.tess.iosapp;
				PRODUCT_NAME = "$(TARGET_NAME)";
				SDKROOT = iphoneos;
				TARGETED_DEVICE_FAMILY = "1,2";
			};
			name = Debug;
		};
		1708338824A8C2AE00E16A38 /* Release */ = {
			isa = XCBuildConfiguration;
			buildSettings = {
				ALWAYS_SEARCH_USER_PATHS = NO;
				ASSETCATALOG_COMPILER_APPICON_NAME = AppIcon;
				CLANG_ANALYZER_NONNULL = YES;
				CLANG_ANALYZER_NUMBER_OBJECT_CONVERSION = YES_AGGRESSIVE;
				CLANG_CXX_LANGUAGE_STANDARD = "gnu++14";
				CLANG_CXX_LIBRARY = "libc++";
				CLANG_ENABLE_MODULES = YES;
				CLANG_ENABLE_OBJC_ARC = YES;
				CLANG_ENABLE_OBJC_WEAK = YES;
				CLANG_WARN_BLOCK_CAPTURE_AUTORELEASING = YES;
				CLANG_WARN_BOOL_CONVERSION = YES;
				CLANG_WARN_COMMA = YES;
				CLANG_WARN_CONSTANT_CONVERSION = YES;
				CLANG_WARN_DEPRECATED_OBJC_IMPLEMENTATIONS = YES;
				CLANG_WARN_DIRECT_OBJC_ISA_USAGE = YES_ERROR;
				CLANG_WARN_DOCUMENTATION_COMMENTS = YES;
				CLANG_WARN_EMPTY_BODY = YES;
				CLANG_WARN_ENUM_CONVERSION = YES;
				CLANG_WARN_INFINITE_RECURSION = YES;
				CLANG_WARN_INT_CONVERSION = YES;
				CLANG_WARN_NON_LITERAL_NULL_CONVERSION = YES;
				CLANG_WARN_OBJC_IMPLICIT_RETAIN_SELF = YES;
				CLANG_WARN_OBJC_LITERAL_CONVERSION = YES;
				CLANG_WARN_OBJC_ROOT_CLASS = YES_ERROR;
				CLANG_WARN_RANGE_LOOP_ANALYSIS = YES;
				CLANG_WARN_STRICT_PROTOTYPES = YES;
				CLANG_WARN_SUSPICIOUS_MOVE = YES;
				CLANG_WARN_UNGUARDED_AVAILABILITY = YES_AGGRESSIVE;
				CLANG_WARN_UNREACHABLE_CODE = YES;
				CLANG_WARN__DUPLICATE_METHOD_MATCH = YES;
				CODE_SIGN_STYLE = Automatic;
				COPY_PHASE_STRIP = NO;
				DEBUG_INFORMATION_FORMAT = "dwarf-with-dsym";
				ENABLE_NS_ASSERTIONS = NO;
				ENABLE_STRICT_OBJC_MSGSEND = YES;
				GCC_C_LANGUAGE_STANDARD = gnu11;
				GCC_NO_COMMON_BLOCKS = YES;
				GCC_WARN_64_TO_32_BIT_CONVERSION = YES;
				GCC_WARN_ABOUT_RETURN_TYPE = YES_ERROR;
				GCC_WARN_UNDECLARED_SELECTOR = YES;
				GCC_WARN_UNINITIALIZED_AUTOS = YES_AGGRESSIVE;
				GCC_WARN_UNUSED_FUNCTION = YES;
				GCC_WARN_UNUSED_VARIABLE = YES;
				INFOPLIST_FILE = iosapp/Info.plist;
				IPHONEOS_DEPLOYMENT_TARGET = 13.5;
				LD_RUNPATH_SEARCH_PATHS = (
					"$(inherited)",
					"@executable_path/Frameworks",
				);
				MTL_ENABLE_DEBUG_INFO = NO;
				MTL_FAST_MATH = YES;
				PRODUCT_BUNDLE_IDENTIFIER = com.github.centny.tess.iosapp;
				PRODUCT_NAME = "$(TARGET_NAME)";
				SDKROOT = iphoneos;
				TARGETED_DEVICE_FAMILY = "1,2";
				VALIDATE_PRODUCT = YES;
			};
			name = Release;
		};
		1708339F24A8C2C300E16A38 /* Debug */ = {
			isa = XCBuildConfiguration;
			buildSettings = {
				ALWAYS_SEARCH_USER_PATHS = NO;
				ASSETCATALOG_COMPILER_APPICON_NAME = AppIcon;
				CLANG_ANALYZER_NONNULL = YES;
				CLANG_ANALYZER_NUMBER_OBJECT_CONVERSION = YES_AGGRESSIVE;
				CLANG_CXX_LANGUAGE_STANDARD = "gnu++14";
				CLANG_CXX_LIBRARY = "libc++";
				CLANG_ENABLE_MODULES = YES;
				CLANG_ENABLE_OBJC_ARC = YES;
				CLANG_ENABLE_OBJC_WEAK = YES;
				CLANG_WARN_BLOCK_CAPTURE_AUTORELEASING = YES;
				CLANG_WARN_BOOL_CONVERSION = YES;
				CLANG_WARN_COMMA = YES;
				CLANG_WARN_CONSTANT_CONVERSION = YES;
				CLANG_WARN_DEPRECATED_OBJC_IMPLEMENTATIONS = YES;
				CLANG_WARN_DIRECT_OBJC_ISA_USAGE = YES_ERROR;
				CLANG_WARN_DOCUMENTATION_COMMENTS = YES;
				CLANG_WARN_EMPTY_BODY = YES;
				CLANG_WARN_ENUM_CONVERSION = YES;
				CLANG_WARN_INFINITE_RECURSION = YES;
				CLANG_WARN_INT_CONVERSION = YES;
				CLANG_WARN_NON_LITERAL_NULL_CONVERSION = YES;
				CLANG_WARN_OBJC_IMPLICIT_RETAIN_SELF = YES;
				CLANG_WARN_OBJC_LITERAL_CONVERSION = YES;
				CLANG_WARN_OBJC_ROOT_CLASS = YES_ERROR;
				CLANG_WARN_RANGE_LOOP_ANALYSIS = YES;
				CLANG_WARN_STRICT_PROTOTYPES = YES;
				CLANG_WARN_SUSPICIOUS_MOVE = YES;
				CLANG_WARN_UNGUARDED_AVAILABILITY = YES_AGGRESSIVE;
				CLANG_WARN_UNREACHABLE_CODE = YES;
				CLANG_WARN__DUPLICATE_METHOD_MATCH = YES;
				CODE_SIGN_ENTITLEMENTS = osxapp/osxapp.entitlements;
				CODE_SIGN_STYLE = Automatic;
				COMBINE_HIDPI_IMAGES = YES;
				COPY_PHASE_STRIP = NO;
				DEBUG_INFORMATION_FORMAT = dwarf;
				ENABLE_STRICT_OBJC_MSGSEND = YES;
				ENABLE_TESTABILITY = YES;
				GCC_C_LANGUAGE_STANDARD = gnu11;
				GCC_DYNAMIC_NO_PIC = NO;
				GCC_NO_COMMON_BLOCKS = YES;
				GCC_OPTIMIZATION_LEVEL = 0;
				GCC_PREPROCESSOR_DEFINITIONS = (
					"DEBUG=1",
					"$(inherited)",
				);
				GCC_WARN_64_TO_32_BIT_CONVERSION = YES;
				GCC_WARN_ABOUT_RETURN_TYPE = YES_ERROR;
				GCC_WARN_UNDECLARED_SELECTOR = YES;
				GCC_WARN_UNINITIALIZED_AUTOS = YES_AGGRESSIVE;
				GCC_WARN_UNUSED_FUNCTION = YES;
				GCC_WARN_UNUSED_VARIABLE = YES;
				INFOPLIST_FILE = osxapp/Info.plist;
				LD_RUNPATH_SEARCH_PATHS = (
					"$(inherited)",
					"@executable_path/../Frameworks",
				);
				MACOSX_DEPLOYMENT_TARGET = 10.15;
				MTL_ENABLE_DEBUG_INFO = INCLUDE_SOURCE;
				MTL_FAST_MATH = YES;
				ONLY_ACTIVE_ARCH = YES;
				PRODUCT_BUNDLE_IDENTIFIER = com.github.centny.tess.osxapp;
				PRODUCT_NAME = "$(TARGET_NAME)";
				SDKROOT = macosx;
			};
			name = Debug;
		};
		170833A024A8C2C300E16A38 /* Release */ = {
			isa = XCBuildConfiguration;
			buildSettings = {
				ALWAYS_SEARCH_USER_PATHS = NO;
				ASSETCATALOG_COMPILER_APPICON_NAME = AppIcon;
				CLANG_ANALYZER_NONNULL = YES;
				CLANG_ANALYZER_NUMBER_OBJECT_CONVERSION = YES_AGGRESSIVE;
				CLANG_CXX_LANGUAGE_STANDARD = "gnu++14";
				CLANG_CXX_LIBRARY = "libc++";
				CLANG_ENABLE_MODULES = YES;
				CLANG_ENABLE_OBJC_ARC = YES;
				CLANG_ENABLE_OBJC_WEAK = YES;
				CLANG_WARN_BLOCK_CAPTURE_AUTORELEASING = YES;
				CLANG_WARN_BOOL_CONVERSION = YES;
				CLANG_WARN_COMMA = YES;
				CLANG_WARN_CONSTANT_CONVERSION = YES;
				CLANG_WARN_DEPRECATED_OBJC_IMPLEMENTATIONS = YES;
				CLANG_WARN_DIRECT_OBJC_ISA_USAGE = YES_ERROR;
				CLANG_WARN_DOCUMENTATION_COMMENTS = YES;
				CLANG_WARN_EMPTY_BODY = YES;
				CLANG_WARN_ENUM_CONVERSION = YES;
				CLANG_WARN_INFINITE_RECURSION = YES;
				CLANG_WARN_INT_CONVERSION = YES;
				CLANG_WARN_NON_LITERAL_NULL_CONVERSION = YES;
				CLANG_WARN_OBJC_IMPLICIT_RETAIN_SELF = YES;
				CLANG_WARN_OBJC_LITERAL_CONVERSION = YES;
				CLANG_WARN_OBJC_ROOT_CLASS = YES_ERROR;
				CLANG_WARN_RANGE_LOOP_ANALYSIS = YES;
				CLANG_WARN_STRICT_PROTOTYPES = YES;
				CLANG_WARN_SUSPICIOUS_MOVE = YES;
				CLANG_WARN_UNGUARDED_AVAILABILITY = YES_AGGRESSIVE;
				CLANG_WARN_UNREACHABLE_CODE = YES;
				CLANG_WARN__DUPLICATE_METHOD_MATCH = YES;
				CODE_SIGN_ENTITLEMENTS = osxapp/osxapp.entitlements;
				CODE_SIGN_STYLE = Automatic;
				COMBINE_HIDPI_IMAGES = YES;
				COPY_PHASE_STRIP = NO;
				DEBUG_INFORMATION_FORMAT = "dwarf-with-dsym";
				ENABLE_NS_ASSERTIONS = NO;
				ENABLE_STRICT_OBJC_MSGSEND = YES;
				GCC_C_LANGUAGE_STANDARD = gnu11;
				GCC_NO_COMMON_BLOCKS = YES;
				GCC_WARN_64_TO_32_BIT_CONVERSION = YES;
				GCC_WARN_ABOUT_RETURN_TYPE = YES_ERROR;
				GCC_WARN_UNDECLARED_SELECTOR = YES;
				GCC_WARN_UNINITIALIZED_AUTOS = YES_AGGRESSIVE;
				GCC_WARN_UNUSED_FUNCTION = YES;
				GCC_WARN_UNUSED_VARIABLE = YES;
				INFOPLIST_FILE = osxapp/Info.plist;
				LD_RUNPATH_SEARCH_PATHS = (
					"$(inherited)",
					"@executable_path/../Frameworks",
				);
				MACOSX_DEPLOYMENT_TARGET = 10.15;
				MTL_ENABLE_DEBUG_INFO = NO;
				MTL_FAST_MATH = YES;
				PRODUCT_BUNDLE_IDENTIFIER = com.github.centny.tess.osxapp;
				PRODUCT_NAME = "$(TARGET_NAME)";
				SDKROOT = macosx;
			};
			name = Release;
		};
/* End XCBuildConfiguration section */

/* Begin XCConfigurationList section */
		1708333C24A8C03C00E16A38 /* Build configuration list for PBXProject "tess" */ = {
			isa = XCConfigurationList;
			buildConfigurations = (
				1708333D24A8C03C00E16A38 /* Debug */,
				1708333E24A8C03C00E16A38 /* Release */,
			);
			defaultConfigurationIsVisible = 0;
			defaultConfigurationName = Release;
		};
		1708334A24A8C05300E16A38 /* Build configuration list for PBXNativeTarget "tessosx" */ = {
			isa = XCConfigurationList;
			buildConfigurations = (
				1708334B24A8C05300E16A38 /* Debug */,
				1708334C24A8C05300E16A38 /* Release */,
			);
			defaultConfigurationIsVisible = 0;
			defaultConfigurationName = Release;
		};
		1708335724A8C06600E16A38 /* Build configuration list for PBXNativeTarget "tessios" */ = {
			isa = XCConfigurationList;
			buildConfigurations = (
				1708335824A8C06600E16A38 /* Debug */,
				1708335924A8C06600E16A38 /* Release */,
			);
			defaultConfigurationIsVisible = 0;
			defaultConfigurationName = Release;
		};
		1708338624A8C2AE00E16A38 /* Build configuration list for PBXNativeTarget "iosapp" */ = {
			isa = XCConfigurationList;
			buildConfigurations = (
				1708338724A8C2AE00E16A38 /* Debug */,
				1708338824A8C2AE00E16A38 /* Release */,
			);
			defaultConfigurationIsVisible = 0;
			defaultConfigurationName = Release;
		};
		1708339E24A8C2C300E16A38 /* Build configuration list for PBXNativeTarget "osxapp" */ = {
			isa = XCConfigurationList;
			buildConfigurations = (
				1708339F24A8C2C300E16A38 /* Debug */,
				170833A024A8C2C300E16A38 /* Release */,
			);
			defaultConfigurationIsVisible = 0;
			defaultConfigurationName = Release;
		};
/* End XCConfigurationList section */
	};
	rootObject = 1708333924A8C03C00E16A38 /* Project object */;
}
