
Microsoft Visual Studio Solution File, Format Version 12.00
# Visual Studio 15
VisualStudioVersion = 15.0.28307.1169
MinimumVisualStudioVersion = 10.0.40219.1
Project("{FAE04EC0-301F-11D3-BF4B-00C04F79EFBC}") = "tessjs", "tessjs\tessjs.csproj", "{64C263F4-E006-4D78-9448-AA33E3929343}"
EndProject
Project("{FAE04EC0-301F-11D3-BF4B-00C04F79EFBC}") = "test", "test\test.csproj", "{274C5F39-5F3F-410B-8EC2-F995AAF1BDC3}"
	ProjectSection(ProjectDependencies) = postProject
		{38BBBC13-DCA8-43BA-9F25-531936A516E3} = {38BBBC13-DCA8-43BA-9F25-531936A516E3}
	EndProjectSection
EndProject
Project("{FAE04EC0-301F-11D3-BF4B-00C04F79EFBC}") = "app", "app\app.csproj", "{6A053282-1CE7-4F53-9814-1DDCCD6423DF}"
EndProject
Project("{8BC9CEB8-8B4A-11D0-8D11-00A0C91BC942}") = "tessc", "tessc\tessc.vcxproj", "{38BBBC13-DCA8-43BA-9F25-531936A516E3}"
EndProject
Project("{8BC9CEB8-8B4A-11D0-8D11-00A0C91BC942}") = "tessrawc", "tessrawc\tessrawc.vcxproj", "{2F35630A-883E-4BEF-8DCD-49C99A3AC220}"
EndProject
Project("{FAE04EC0-301F-11D3-BF4B-00C04F79EFBC}") = "console", "console\console.csproj", "{5FC57560-B1B8-435B-BFF4-D3468D11B022}"
	ProjectSection(ProjectDependencies) = postProject
		{2F35630A-883E-4BEF-8DCD-49C99A3AC220} = {2F35630A-883E-4BEF-8DCD-49C99A3AC220}
	EndProjectSection
EndProject
Global
	GlobalSection(SolutionConfigurationPlatforms) = preSolution
		Debug|Any CPU = Debug|Any CPU
		Debug|ARM = Debug|ARM
		Debug|ARM64 = Debug|ARM64
		Debug|x64 = Debug|x64
		Debug|x86 = Debug|x86
		Release|Any CPU = Release|Any CPU
		Release|ARM = Release|ARM
		Release|ARM64 = Release|ARM64
		Release|x64 = Release|x64
		Release|x86 = Release|x86
	EndGlobalSection
	GlobalSection(ProjectConfigurationPlatforms) = postSolution
		{64C263F4-E006-4D78-9448-AA33E3929343}.Debug|Any CPU.ActiveCfg = Debug|Any CPU
		{64C263F4-E006-4D78-9448-AA33E3929343}.Debug|Any CPU.Build.0 = Debug|Any CPU
		{64C263F4-E006-4D78-9448-AA33E3929343}.Debug|ARM.ActiveCfg = Debug|ARM
		{64C263F4-E006-4D78-9448-AA33E3929343}.Debug|ARM.Build.0 = Debug|ARM
		{64C263F4-E006-4D78-9448-AA33E3929343}.Debug|ARM64.ActiveCfg = Debug|ARM64
		{64C263F4-E006-4D78-9448-AA33E3929343}.Debug|ARM64.Build.0 = Debug|ARM64
		{64C263F4-E006-4D78-9448-AA33E3929343}.Debug|x64.ActiveCfg = Debug|x64
		{64C263F4-E006-4D78-9448-AA33E3929343}.Debug|x64.Build.0 = Debug|x64
		{64C263F4-E006-4D78-9448-AA33E3929343}.Debug|x86.ActiveCfg = Debug|x86
		{64C263F4-E006-4D78-9448-AA33E3929343}.Debug|x86.Build.0 = Debug|x86
		{64C263F4-E006-4D78-9448-AA33E3929343}.Release|Any CPU.ActiveCfg = Release|Any CPU
		{64C263F4-E006-4D78-9448-AA33E3929343}.Release|Any CPU.Build.0 = Release|Any CPU
		{64C263F4-E006-4D78-9448-AA33E3929343}.Release|ARM.ActiveCfg = Release|ARM
		{64C263F4-E006-4D78-9448-AA33E3929343}.Release|ARM.Build.0 = Release|ARM
		{64C263F4-E006-4D78-9448-AA33E3929343}.Release|ARM64.ActiveCfg = Release|ARM64
		{64C263F4-E006-4D78-9448-AA33E3929343}.Release|ARM64.Build.0 = Release|ARM64
		{64C263F4-E006-4D78-9448-AA33E3929343}.Release|x64.ActiveCfg = Release|x64
		{64C263F4-E006-4D78-9448-AA33E3929343}.Release|x64.Build.0 = Release|x64
		{64C263F4-E006-4D78-9448-AA33E3929343}.Release|x86.ActiveCfg = Release|x86
		{64C263F4-E006-4D78-9448-AA33E3929343}.Release|x86.Build.0 = Release|x86
		{274C5F39-5F3F-410B-8EC2-F995AAF1BDC3}.Debug|Any CPU.ActiveCfg = Debug|x86
		{274C5F39-5F3F-410B-8EC2-F995AAF1BDC3}.Debug|ARM.ActiveCfg = Debug|ARM
		{274C5F39-5F3F-410B-8EC2-F995AAF1BDC3}.Debug|ARM.Build.0 = Debug|ARM
		{274C5F39-5F3F-410B-8EC2-F995AAF1BDC3}.Debug|ARM.Deploy.0 = Debug|ARM
		{274C5F39-5F3F-410B-8EC2-F995AAF1BDC3}.Debug|ARM64.ActiveCfg = Debug|ARM64
		{274C5F39-5F3F-410B-8EC2-F995AAF1BDC3}.Debug|ARM64.Build.0 = Debug|ARM64
		{274C5F39-5F3F-410B-8EC2-F995AAF1BDC3}.Debug|ARM64.Deploy.0 = Debug|ARM64
		{274C5F39-5F3F-410B-8EC2-F995AAF1BDC3}.Debug|x64.ActiveCfg = Debug|x64
		{274C5F39-5F3F-410B-8EC2-F995AAF1BDC3}.Debug|x64.Build.0 = Debug|x64
		{274C5F39-5F3F-410B-8EC2-F995AAF1BDC3}.Debug|x64.Deploy.0 = Debug|x64
		{274C5F39-5F3F-410B-8EC2-F995AAF1BDC3}.Debug|x86.ActiveCfg = Debug|x86
		{274C5F39-5F3F-410B-8EC2-F995AAF1BDC3}.Debug|x86.Build.0 = Debug|x86
		{274C5F39-5F3F-410B-8EC2-F995AAF1BDC3}.Debug|x86.Deploy.0 = Debug|x86
		{274C5F39-5F3F-410B-8EC2-F995AAF1BDC3}.Release|Any CPU.ActiveCfg = Release|x86
		{274C5F39-5F3F-410B-8EC2-F995AAF1BDC3}.Release|ARM.ActiveCfg = Release|ARM
		{274C5F39-5F3F-410B-8EC2-F995AAF1BDC3}.Release|ARM.Build.0 = Release|ARM
		{274C5F39-5F3F-410B-8EC2-F995AAF1BDC3}.Release|ARM.Deploy.0 = Release|ARM
		{274C5F39-5F3F-410B-8EC2-F995AAF1BDC3}.Release|ARM64.ActiveCfg = Release|ARM64
		{274C5F39-5F3F-410B-8EC2-F995AAF1BDC3}.Release|ARM64.Build.0 = Release|ARM64
		{274C5F39-5F3F-410B-8EC2-F995AAF1BDC3}.Release|ARM64.Deploy.0 = Release|ARM64
		{274C5F39-5F3F-410B-8EC2-F995AAF1BDC3}.Release|x64.ActiveCfg = Release|x64
		{274C5F39-5F3F-410B-8EC2-F995AAF1BDC3}.Release|x64.Build.0 = Release|x64
		{274C5F39-5F3F-410B-8EC2-F995AAF1BDC3}.Release|x64.Deploy.0 = Release|x64
		{274C5F39-5F3F-410B-8EC2-F995AAF1BDC3}.Release|x86.ActiveCfg = Release|x86
		{274C5F39-5F3F-410B-8EC2-F995AAF1BDC3}.Release|x86.Build.0 = Release|x86
		{274C5F39-5F3F-410B-8EC2-F995AAF1BDC3}.Release|x86.Deploy.0 = Release|x86
		{6A053282-1CE7-4F53-9814-1DDCCD6423DF}.Debug|Any CPU.ActiveCfg = Debug|x86
		{6A053282-1CE7-4F53-9814-1DDCCD6423DF}.Debug|ARM.ActiveCfg = Debug|ARM
		{6A053282-1CE7-4F53-9814-1DDCCD6423DF}.Debug|ARM.Build.0 = Debug|ARM
		{6A053282-1CE7-4F53-9814-1DDCCD6423DF}.Debug|ARM.Deploy.0 = Debug|ARM
		{6A053282-1CE7-4F53-9814-1DDCCD6423DF}.Debug|ARM64.ActiveCfg = Debug|ARM64
		{6A053282-1CE7-4F53-9814-1DDCCD6423DF}.Debug|ARM64.Build.0 = Debug|ARM64
		{6A053282-1CE7-4F53-9814-1DDCCD6423DF}.Debug|ARM64.Deploy.0 = Debug|ARM64
		{6A053282-1CE7-4F53-9814-1DDCCD6423DF}.Debug|x64.ActiveCfg = Debug|x64
		{6A053282-1CE7-4F53-9814-1DDCCD6423DF}.Debug|x64.Build.0 = Debug|x64
		{6A053282-1CE7-4F53-9814-1DDCCD6423DF}.Debug|x64.Deploy.0 = Debug|x64
		{6A053282-1CE7-4F53-9814-1DDCCD6423DF}.Debug|x86.ActiveCfg = Debug|x86
		{6A053282-1CE7-4F53-9814-1DDCCD6423DF}.Debug|x86.Build.0 = Debug|x86
		{6A053282-1CE7-4F53-9814-1DDCCD6423DF}.Debug|x86.Deploy.0 = Debug|x86
		{6A053282-1CE7-4F53-9814-1DDCCD6423DF}.Release|Any CPU.ActiveCfg = Release|x86
		{6A053282-1CE7-4F53-9814-1DDCCD6423DF}.Release|ARM.ActiveCfg = Release|ARM
		{6A053282-1CE7-4F53-9814-1DDCCD6423DF}.Release|ARM.Build.0 = Release|ARM
		{6A053282-1CE7-4F53-9814-1DDCCD6423DF}.Release|ARM.Deploy.0 = Release|ARM
		{6A053282-1CE7-4F53-9814-1DDCCD6423DF}.Release|ARM64.ActiveCfg = Release|ARM64
		{6A053282-1CE7-4F53-9814-1DDCCD6423DF}.Release|ARM64.Build.0 = Release|ARM64
		{6A053282-1CE7-4F53-9814-1DDCCD6423DF}.Release|ARM64.Deploy.0 = Release|ARM64
		{6A053282-1CE7-4F53-9814-1DDCCD6423DF}.Release|x64.ActiveCfg = Release|x64
		{6A053282-1CE7-4F53-9814-1DDCCD6423DF}.Release|x64.Build.0 = Release|x64
		{6A053282-1CE7-4F53-9814-1DDCCD6423DF}.Release|x64.Deploy.0 = Release|x64
		{6A053282-1CE7-4F53-9814-1DDCCD6423DF}.Release|x86.ActiveCfg = Release|x86
		{6A053282-1CE7-4F53-9814-1DDCCD6423DF}.Release|x86.Build.0 = Release|x86
		{6A053282-1CE7-4F53-9814-1DDCCD6423DF}.Release|x86.Deploy.0 = Release|x86
		{38BBBC13-DCA8-43BA-9F25-531936A516E3}.Debug|Any CPU.ActiveCfg = Debug|Win32
		{38BBBC13-DCA8-43BA-9F25-531936A516E3}.Debug|ARM.ActiveCfg = Debug|ARM
		{38BBBC13-DCA8-43BA-9F25-531936A516E3}.Debug|ARM.Build.0 = Debug|ARM
		{38BBBC13-DCA8-43BA-9F25-531936A516E3}.Debug|ARM64.ActiveCfg = Debug|ARM64
		{38BBBC13-DCA8-43BA-9F25-531936A516E3}.Debug|ARM64.Build.0 = Debug|ARM64
		{38BBBC13-DCA8-43BA-9F25-531936A516E3}.Debug|x64.ActiveCfg = Debug|x64
		{38BBBC13-DCA8-43BA-9F25-531936A516E3}.Debug|x64.Build.0 = Debug|x64
		{38BBBC13-DCA8-43BA-9F25-531936A516E3}.Debug|x86.ActiveCfg = Debug|Win32
		{38BBBC13-DCA8-43BA-9F25-531936A516E3}.Debug|x86.Build.0 = Debug|Win32
		{38BBBC13-DCA8-43BA-9F25-531936A516E3}.Release|Any CPU.ActiveCfg = Release|Win32
		{38BBBC13-DCA8-43BA-9F25-531936A516E3}.Release|ARM.ActiveCfg = Release|ARM
		{38BBBC13-DCA8-43BA-9F25-531936A516E3}.Release|ARM.Build.0 = Release|ARM
		{38BBBC13-DCA8-43BA-9F25-531936A516E3}.Release|ARM64.ActiveCfg = Release|ARM64
		{38BBBC13-DCA8-43BA-9F25-531936A516E3}.Release|ARM64.Build.0 = Release|ARM64
		{38BBBC13-DCA8-43BA-9F25-531936A516E3}.Release|x64.ActiveCfg = Release|x64
		{38BBBC13-DCA8-43BA-9F25-531936A516E3}.Release|x64.Build.0 = Release|x64
		{38BBBC13-DCA8-43BA-9F25-531936A516E3}.Release|x86.ActiveCfg = Release|Win32
		{38BBBC13-DCA8-43BA-9F25-531936A516E3}.Release|x86.Build.0 = Release|Win32
		{2F35630A-883E-4BEF-8DCD-49C99A3AC220}.Debug|Any CPU.ActiveCfg = Debug|Win32
		{2F35630A-883E-4BEF-8DCD-49C99A3AC220}.Debug|ARM.ActiveCfg = Debug|Win32
		{2F35630A-883E-4BEF-8DCD-49C99A3AC220}.Debug|ARM64.ActiveCfg = Debug|Win32
		{2F35630A-883E-4BEF-8DCD-49C99A3AC220}.Debug|x64.ActiveCfg = Debug|x64
		{2F35630A-883E-4BEF-8DCD-49C99A3AC220}.Debug|x64.Build.0 = Debug|x64
		{2F35630A-883E-4BEF-8DCD-49C99A3AC220}.Debug|x86.ActiveCfg = Debug|Win32
		{2F35630A-883E-4BEF-8DCD-49C99A3AC220}.Debug|x86.Build.0 = Debug|Win32
		{2F35630A-883E-4BEF-8DCD-49C99A3AC220}.Release|Any CPU.ActiveCfg = Release|Win32
		{2F35630A-883E-4BEF-8DCD-49C99A3AC220}.Release|ARM.ActiveCfg = Release|Win32
		{2F35630A-883E-4BEF-8DCD-49C99A3AC220}.Release|ARM64.ActiveCfg = Release|Win32
		{2F35630A-883E-4BEF-8DCD-49C99A3AC220}.Release|x64.ActiveCfg = Release|x64
		{2F35630A-883E-4BEF-8DCD-49C99A3AC220}.Release|x64.Build.0 = Release|x64
		{2F35630A-883E-4BEF-8DCD-49C99A3AC220}.Release|x86.ActiveCfg = Release|Win32
		{2F35630A-883E-4BEF-8DCD-49C99A3AC220}.Release|x86.Build.0 = Release|Win32
		{5FC57560-B1B8-435B-BFF4-D3468D11B022}.Debug|Any CPU.ActiveCfg = Debug|Any CPU
		{5FC57560-B1B8-435B-BFF4-D3468D11B022}.Debug|Any CPU.Build.0 = Debug|Any CPU
		{5FC57560-B1B8-435B-BFF4-D3468D11B022}.Debug|ARM.ActiveCfg = Debug|Any CPU
		{5FC57560-B1B8-435B-BFF4-D3468D11B022}.Debug|ARM.Build.0 = Debug|Any CPU
		{5FC57560-B1B8-435B-BFF4-D3468D11B022}.Debug|ARM64.ActiveCfg = Debug|Any CPU
		{5FC57560-B1B8-435B-BFF4-D3468D11B022}.Debug|ARM64.Build.0 = Debug|Any CPU
		{5FC57560-B1B8-435B-BFF4-D3468D11B022}.Debug|x64.ActiveCfg = Debug|Any CPU
		{5FC57560-B1B8-435B-BFF4-D3468D11B022}.Debug|x64.Build.0 = Debug|Any CPU
		{5FC57560-B1B8-435B-BFF4-D3468D11B022}.Debug|x86.ActiveCfg = Debug|x86
		{5FC57560-B1B8-435B-BFF4-D3468D11B022}.Debug|x86.Build.0 = Debug|x86
		{5FC57560-B1B8-435B-BFF4-D3468D11B022}.Release|Any CPU.ActiveCfg = Release|Any CPU
		{5FC57560-B1B8-435B-BFF4-D3468D11B022}.Release|Any CPU.Build.0 = Release|Any CPU
		{5FC57560-B1B8-435B-BFF4-D3468D11B022}.Release|ARM.ActiveCfg = Release|Any CPU
		{5FC57560-B1B8-435B-BFF4-D3468D11B022}.Release|ARM.Build.0 = Release|Any CPU
		{5FC57560-B1B8-435B-BFF4-D3468D11B022}.Release|ARM64.ActiveCfg = Release|Any CPU
		{5FC57560-B1B8-435B-BFF4-D3468D11B022}.Release|ARM64.Build.0 = Release|Any CPU
		{5FC57560-B1B8-435B-BFF4-D3468D11B022}.Release|x64.ActiveCfg = Release|Any CPU
		{5FC57560-B1B8-435B-BFF4-D3468D11B022}.Release|x64.Build.0 = Release|Any CPU
		{5FC57560-B1B8-435B-BFF4-D3468D11B022}.Release|x86.ActiveCfg = Release|Any CPU
		{5FC57560-B1B8-435B-BFF4-D3468D11B022}.Release|x86.Build.0 = Release|Any CPU
	EndGlobalSection
	GlobalSection(SolutionProperties) = preSolution
		HideSolutionNode = FALSE
	EndGlobalSection
	GlobalSection(ExtensibilityGlobals) = postSolution
		SolutionGuid = {2237DB0E-CB01-498F-B70B-A1828975C063}
	EndGlobalSection
EndGlobal
